
Microsoft Visual Studio Solution File, Format Version 12.00
# Visual Studio 15
VisualStudioVersion = 15.0.27004.2002
MinimumVisualStudioVersion = 10.0.40219.1
Project("{FAE04EC0-301F-11D3-BF4B-00C04F79EFBC}") = "App8.Android", "App8\App8.Android\App8.Android.csproj", "{CB49C823-11F3-4D0B-9EFA-36190F2F835B}"
EndProject
Project("{FAE04EC0-301F-11D3-BF4B-00C04F79EFBC}") = "App8", "App8\App8\App8.csproj", "{82F21BA6-C02F-4309-8634-C064492C2A1E}"
EndProject
Project("{FAE04EC0-301F-11D3-BF4B-00C04F79EFBC}") = "App8.UWP", "App8\App8.UWP\App8.UWP.csproj", "{31581F0F-96C2-47F3-B02B-8CBACBE6E004}"
EndProject
Project("{FAE04EC0-301F-11D3-BF4B-00C04F79EFBC}") = "App8.iOS", "App8\App8.iOS\App8.iOS.csproj", "{BC7331E4-5EDF-4C97-98A5-A22030133850}"
EndProject
Global
	GlobalSection(SolutionConfigurationPlatforms) = preSolution
		Ad-Hoc|Any CPU = Ad-Hoc|Any CPU
		Ad-Hoc|ARM = Ad-Hoc|ARM
		Ad-Hoc|iPhone = Ad-Hoc|iPhone
		Ad-Hoc|iPhoneSimulator = Ad-Hoc|iPhoneSimulator
		Ad-Hoc|x64 = Ad-Hoc|x64
		Ad-Hoc|x86 = Ad-Hoc|x86
		AppStore|Any CPU = AppStore|Any CPU
		AppStore|ARM = AppStore|ARM
		AppStore|iPhone = AppStore|iPhone
		AppStore|iPhoneSimulator = AppStore|iPhoneSimulator
		AppStore|x64 = AppStore|x64
		AppStore|x86 = AppStore|x86
		Debug|Any CPU = Debug|Any CPU
		Debug|ARM = Debug|ARM
		Debug|iPhone = Debug|iPhone
		Debug|iPhoneSimulator = Debug|iPhoneSimulator
		Debug|x64 = Debug|x64
		Debug|x86 = Debug|x86
		Release|Any CPU = Release|Any CPU
		Release|ARM = Release|ARM
		Release|iPhone = Release|iPhone
		Release|iPhoneSimulator = Release|iPhoneSimulator
		Release|x64 = Release|x64
		Release|x86 = Release|x86
	EndGlobalSection
	GlobalSection(ProjectConfigurationPlatforms) = postSolution
		{CB49C823-11F3-4D0B-9EFA-36190F2F835B}.Ad-Hoc|Any CPU.ActiveCfg = Release|Any CPU
		{CB49C823-11F3-4D0B-9EFA-36190F2F835B}.Ad-Hoc|Any CPU.Build.0 = Release|Any CPU
		{CB49C823-11F3-4D0B-9EFA-36190F2F835B}.Ad-Hoc|Any CPU.Deploy.0 = Release|Any CPU
		{CB49C823-11F3-4D0B-9EFA-36190F2F835B}.Ad-Hoc|ARM.ActiveCfg = Release|Any CPU
		{CB49C823-11F3-4D0B-9EFA-36190F2F835B}.Ad-Hoc|ARM.Build.0 = Release|Any CPU
		{CB49C823-11F3-4D0B-9EFA-36190F2F835B}.Ad-Hoc|ARM.Deploy.0 = Release|Any CPU
		{CB49C823-11F3-4D0B-9EFA-36190F2F835B}.Ad-Hoc|iPhone.ActiveCfg = Release|Any CPU
		{CB49C823-11F3-4D0B-9EFA-36190F2F835B}.Ad-Hoc|iPhone.Build.0 = Release|Any CPU
		{CB49C823-11F3-4D0B-9EFA-36190F2F835B}.Ad-Hoc|iPhone.Deploy.0 = Release|Any CPU
		{CB49C823-11F3-4D0B-9EFA-36190F2F835B}.Ad-Hoc|iPhoneSimulator.ActiveCfg = Release|Any CPU
		{CB49C823-11F3-4D0B-9EFA-36190F2F835B}.Ad-Hoc|iPhoneSimulator.Build.0 = Release|Any CPU
		{CB49C823-11F3-4D0B-9EFA-36190F2F835B}.Ad-Hoc|iPhoneSimulator.Deploy.0 = Release|Any CPU
		{CB49C823-11F3-4D0B-9EFA-36190F2F835B}.Ad-Hoc|x64.ActiveCfg = Release|Any CPU
		{CB49C823-11F3-4D0B-9EFA-36190F2F835B}.Ad-Hoc|x64.Build.0 = Release|Any CPU
		{CB49C823-11F3-4D0B-9EFA-36190F2F835B}.Ad-Hoc|x64.Deploy.0 = Release|Any CPU
		{CB49C823-11F3-4D0B-9EFA-36190F2F835B}.Ad-Hoc|x86.ActiveCfg = Release|Any CPU
		{CB49C823-11F3-4D0B-9EFA-36190F2F835B}.Ad-Hoc|x86.Build.0 = Release|Any CPU
		{CB49C823-11F3-4D0B-9EFA-36190F2F835B}.Ad-Hoc|x86.Deploy.0 = Release|Any CPU
		{CB49C823-11F3-4D0B-9EFA-36190F2F835B}.AppStore|Any CPU.ActiveCfg = Release|Any CPU
		{CB49C823-11F3-4D0B-9EFA-36190F2F835B}.AppStore|Any CPU.Build.0 = Release|Any CPU
		{CB49C823-11F3-4D0B-9EFA-36190F2F835B}.AppStore|Any CPU.Deploy.0 = Release|Any CPU
		{CB49C823-11F3-4D0B-9EFA-36190F2F835B}.AppStore|ARM.ActiveCfg = Release|Any CPU
		{CB49C823-11F3-4D0B-9EFA-36190F2F835B}.AppStore|ARM.Build.0 = Release|Any CPU
		{CB49C823-11F3-4D0B-9EFA-36190F2F835B}.AppStore|ARM.Deploy.0 = Release|Any CPU
		{CB49C823-11F3-4D0B-9EFA-36190F2F835B}.AppStore|iPhone.ActiveCfg = Release|Any CPU
		{CB49C823-11F3-4D0B-9EFA-36190F2F835B}.AppStore|iPhone.Build.0 = Release|Any CPU
		{CB49C823-11F3-4D0B-9EFA-36190F2F835B}.AppStore|iPhone.Deploy.0 = Release|Any CPU
		{CB49C823-11F3-4D0B-9EFA-36190F2F835B}.AppStore|iPhoneSimulator.ActiveCfg = Release|Any CPU
		{CB49C823-11F3-4D0B-9EFA-36190F2F835B}.AppStore|iPhoneSimulator.Build.0 = Release|Any CPU
		{CB49C823-11F3-4D0B-9EFA-36190F2F835B}.AppStore|iPhoneSimulator.Deploy.0 = Release|Any CPU
		{CB49C823-11F3-4D0B-9EFA-36190F2F835B}.AppStore|x64.ActiveCfg = Release|Any CPU
		{CB49C823-11F3-4D0B-9EFA-36190F2F835B}.AppStore|x64.Build.0 = Release|Any CPU
		{CB49C823-11F3-4D0B-9EFA-36190F2F835B}.AppStore|x64.Deploy.0 = Release|Any CPU
		{CB49C823-11F3-4D0B-9EFA-36190F2F835B}.AppStore|x86.ActiveCfg = Release|Any CPU
		{CB49C823-11F3-4D0B-9EFA-36190F2F835B}.AppStore|x86.Build.0 = Release|Any CPU
		{CB49C823-11F3-4D0B-9EFA-36190F2F835B}.AppStore|x86.Deploy.0 = Release|Any CPU
		{CB49C823-11F3-4D0B-9EFA-36190F2F835B}.Debug|Any CPU.ActiveCfg = Debug|Any CPU
		{CB49C823-11F3-4D0B-9EFA-36190F2F835B}.Debug|Any CPU.Build.0 = Debug|Any CPU
		{CB49C823-11F3-4D0B-9EFA-36190F2F835B}.Debug|Any CPU.Deploy.0 = Debug|Any CPU
		{CB49C823-11F3-4D0B-9EFA-36190F2F835B}.Debug|ARM.ActiveCfg = Debug|Any CPU
		{CB49C823-11F3-4D0B-9EFA-36190F2F835B}.Debug|ARM.Build.0 = Debug|Any CPU
		{CB49C823-11F3-4D0B-9EFA-36190F2F835B}.Debug|ARM.Deploy.0 = Debug|Any CPU
		{CB49C823-11F3-4D0B-9EFA-36190F2F835B}.Debug|iPhone.ActiveCfg = Debug|Any CPU
		{CB49C823-11F3-4D0B-9EFA-36190F2F835B}.Debug|iPhone.Build.0 = Debug|Any CPU
		{CB49C823-11F3-4D0B-9EFA-36190F2F835B}.Debug|iPhone.Deploy.0 = Debug|Any CPU
		{CB49C823-11F3-4D0B-9EFA-36190F2F835B}.Debug|iPhoneSimulator.ActiveCfg = Debug|Any CPU
		{CB49C823-11F3-4D0B-9EFA-36190F2F835B}.Debug|iPhoneSimulator.Build.0 = Debug|Any CPU
		{CB49C823-11F3-4D0B-9EFA-36190F2F835B}.Debug|iPhoneSimulator.Deploy.0 = Debug|Any CPU
		{CB49C823-11F3-4D0B-9EFA-36190F2F835B}.Debug|x64.ActiveCfg = Debug|Any CPU
		{CB49C823-11F3-4D0B-9EFA-36190F2F835B}.Debug|x64.Build.0 = Debug|Any CPU
		{CB49C823-11F3-4D0B-9EFA-36190F2F835B}.Debug|x64.Deploy.0 = Debug|Any CPU
		{CB49C823-11F3-4D0B-9EFA-36190F2F835B}.Debug|x86.ActiveCfg = Debug|Any CPU
		{CB49C823-11F3-4D0B-9EFA-36190F2F835B}.Debug|x86.Build.0 = Debug|Any CPU
		{CB49C823-11F3-4D0B-9EFA-36190F2F835B}.Debug|x86.Deploy.0 = Debug|Any CPU
		{CB49C823-11F3-4D0B-9EFA-36190F2F835B}.Release|Any CPU.ActiveCfg = Release|Any CPU
		{CB49C823-11F3-4D0B-9EFA-36190F2F835B}.Release|Any CPU.Build.0 = Release|Any CPU
		{CB49C823-11F3-4D0B-9EFA-36190F2F835B}.Release|Any CPU.Deploy.0 = Release|Any CPU
		{CB49C823-11F3-4D0B-9EFA-36190F2F835B}.Release|ARM.ActiveCfg = Release|Any CPU
		{CB49C823-11F3-4D0B-9EFA-36190F2F835B}.Release|ARM.Build.0 = Release|Any CPU
		{CB49C823-11F3-4D0B-9EFA-36190F2F835B}.Release|ARM.Deploy.0 = Release|Any CPU
		{CB49C823-11F3-4D0B-9EFA-36190F2F835B}.Release|iPhone.ActiveCfg = Release|Any CPU
		{CB49C823-11F3-4D0B-9EFA-36190F2F835B}.Release|iPhone.Build.0 = Release|Any CPU
		{CB49C823-11F3-4D0B-9EFA-36190F2F835B}.Release|iPhone.Deploy.0 = Release|Any CPU
		{CB49C823-11F3-4D0B-9EFA-36190F2F835B}.Release|iPhoneSimulator.ActiveCfg = Release|Any CPU
		{CB49C823-11F3-4D0B-9EFA-36190F2F835B}.Release|iPhoneSimulator.Build.0 = Release|Any CPU
		{CB49C823-11F3-4D0B-9EFA-36190F2F835B}.Release|iPhoneSimulator.Deploy.0 = Release|Any CPU
		{CB49C823-11F3-4D0B-9EFA-36190F2F835B}.Release|x64.ActiveCfg = Release|Any CPU
		{CB49C823-11F3-4D0B-9EFA-36190F2F835B}.Release|x64.Build.0 = Release|Any CPU
		{CB49C823-11F3-4D0B-9EFA-36190F2F835B}.Release|x64.Deploy.0 = Release|Any CPU
		{CB49C823-11F3-4D0B-9EFA-36190F2F835B}.Release|x86.ActiveCfg = Release|Any CPU
		{CB49C823-11F3-4D0B-9EFA-36190F2F835B}.Release|x86.Build.0 = Release|Any CPU
		{CB49C823-11F3-4D0B-9EFA-36190F2F835B}.Release|x86.Deploy.0 = Release|Any CPU
		{82F21BA6-C02F-4309-8634-C064492C2A1E}.Ad-Hoc|Any CPU.ActiveCfg = Release|Any CPU
		{82F21BA6-C02F-4309-8634-C064492C2A1E}.Ad-Hoc|Any CPU.Build.0 = Release|Any CPU
		{82F21BA6-C02F-4309-8634-C064492C2A1E}.Ad-Hoc|ARM.ActiveCfg = Release|Any CPU
		{82F21BA6-C02F-4309-8634-C064492C2A1E}.Ad-Hoc|ARM.Build.0 = Release|Any CPU
		{82F21BA6-C02F-4309-8634-C064492C2A1E}.Ad-Hoc|iPhone.ActiveCfg = Release|Any CPU
		{82F21BA6-C02F-4309-8634-C064492C2A1E}.Ad-Hoc|iPhone.Build.0 = Release|Any CPU
		{82F21BA6-C02F-4309-8634-C064492C2A1E}.Ad-Hoc|iPhoneSimulator.ActiveCfg = Release|Any CPU
		{82F21BA6-C02F-4309-8634-C064492C2A1E}.Ad-Hoc|iPhoneSimulator.Build.0 = Release|Any CPU
		{82F21BA6-C02F-4309-8634-C064492C2A1E}.Ad-Hoc|x64.ActiveCfg = Release|Any CPU
		{82F21BA6-C02F-4309-8634-C064492C2A1E}.Ad-Hoc|x64.Build.0 = Release|Any CPU
		{82F21BA6-C02F-4309-8634-C064492C2A1E}.Ad-Hoc|x86.ActiveCfg = Release|Any CPU
		{82F21BA6-C02F-4309-8634-C064492C2A1E}.Ad-Hoc|x86.Build.0 = Release|Any CPU
		{82F21BA6-C02F-4309-8634-C064492C2A1E}.AppStore|Any CPU.ActiveCfg = Release|Any CPU
		{82F21BA6-C02F-4309-8634-C064492C2A1E}.AppStore|Any CPU.Build.0 = Release|Any CPU
		{82F21BA6-C02F-4309-8634-C064492C2A1E}.AppStore|ARM.ActiveCfg = Release|Any CPU
		{82F21BA6-C02F-4309-8634-C064492C2A1E}.AppStore|ARM.Build.0 = Release|Any CPU
		{82F21BA6-C02F-4309-8634-C064492C2A1E}.AppStore|iPhone.ActiveCfg = Release|Any CPU
		{82F21BA6-C02F-4309-8634-C064492C2A1E}.AppStore|iPhone.Build.0 = Release|Any CPU
		{82F21BA6-C02F-4309-8634-C064492C2A1E}.AppStore|iPhoneSimulator.ActiveCfg = Release|Any CPU
		{82F21BA6-C02F-4309-8634-C064492C2A1E}.AppStore|iPhoneSimulator.Build.0 = Release|Any CPU
		{82F21BA6-C02F-4309-8634-C064492C2A1E}.AppStore|x64.ActiveCfg = Release|Any CPU
		{82F21BA6-C02F-4309-8634-C064492C2A1E}.AppStore|x64.Build.0 = Release|Any CPU
		{82F21BA6-C02F-4309-8634-C064492C2A1E}.AppStore|x86.ActiveCfg = Release|Any CPU
		{82F21BA6-C02F-4309-8634-C064492C2A1E}.AppStore|x86.Build.0 = Release|Any CPU
		{82F21BA6-C02F-4309-8634-C064492C2A1E}.Debug|Any CPU.ActiveCfg = Debug|Any CPU
		{82F21BA6-C02F-4309-8634-C064492C2A1E}.Debug|Any CPU.Build.0 = Debug|Any CPU
		{82F21BA6-C02F-4309-8634-C064492C2A1E}.Debug|ARM.ActiveCfg = Debug|Any CPU
		{82F21BA6-C02F-4309-8634-C064492C2A1E}.Debug|ARM.Build.0 = Debug|Any CPU
		{82F21BA6-C02F-4309-8634-C064492C2A1E}.Debug|iPhone.ActiveCfg = Debug|Any CPU
		{82F21BA6-C02F-4309-8634-C064492C2A1E}.Debug|iPhone.Build.0 = Debug|Any CPU
		{82F21BA6-C02F-4309-8634-C064492C2A1E}.Debug|iPhoneSimulator.ActiveCfg = Debug|Any CPU
		{82F21BA6-C02F-4309-8634-C064492C2A1E}.Debug|iPhoneSimulator.Build.0 = Debug|Any CPU
		{82F21BA6-C02F-4309-8634-C064492C2A1E}.Debug|x64.ActiveCfg = Debug|Any CPU
		{82F21BA6-C02F-4309-8634-C064492C2A1E}.Debug|x64.Build.0 = Debug|Any CPU
		{82F21BA6-C02F-4309-8634-C064492C2A1E}.Debug|x86.ActiveCfg = Debug|Any CPU
		{82F21BA6-C02F-4309-8634-C064492C2A1E}.Debug|x86.Build.0 = Debug|Any CPU
		{82F21BA6-C02F-4309-8634-C064492C2A1E}.Release|Any CPU.ActiveCfg = Release|Any CPU
		{82F21BA6-C02F-4309-8634-C064492C2A1E}.Release|Any CPU.Build.0 = Release|Any CPU
		{82F21BA6-C02F-4309-8634-C064492C2A1E}.Release|ARM.ActiveCfg = Release|Any CPU
		{82F21BA6-C02F-4309-8634-C064492C2A1E}.Release|ARM.Build.0 = Release|Any CPU
		{82F21BA6-C02F-4309-8634-C064492C2A1E}.Release|iPhone.ActiveCfg = Release|Any CPU
		{82F21BA6-C02F-4309-8634-C064492C2A1E}.Release|iPhone.Build.0 = Release|Any CPU
		{82F21BA6-C02F-4309-8634-C064492C2A1E}.Release|iPhoneSimulator.ActiveCfg = Release|Any CPU
		{82F21BA6-C02F-4309-8634-C064492C2A1E}.Release|iPhoneSimulator.Build.0 = Release|Any CPU
		{82F21BA6-C02F-4309-8634-C064492C2A1E}.Release|x64.ActiveCfg = Release|Any CPU
		{82F21BA6-C02F-4309-8634-C064492C2A1E}.Release|x64.Build.0 = Release|Any CPU
		{82F21BA6-C02F-4309-8634-C064492C2A1E}.Release|x86.ActiveCfg = Release|Any CPU
		{82F21BA6-C02F-4309-8634-C064492C2A1E}.Release|x86.Build.0 = Release|Any CPU
		{31581F0F-96C2-47F3-B02B-8CBACBE6E004}.Ad-Hoc|Any CPU.ActiveCfg = Release|x86
		{31581F0F-96C2-47F3-B02B-8CBACBE6E004}.Ad-Hoc|Any CPU.Build.0 = Release|x86
		{31581F0F-96C2-47F3-B02B-8CBACBE6E004}.Ad-Hoc|Any CPU.Deploy.0 = Release|x86
		{31581F0F-96C2-47F3-B02B-8CBACBE6E004}.Ad-Hoc|ARM.ActiveCfg = Release|ARM
		{31581F0F-96C2-47F3-B02B-8CBACBE6E004}.Ad-Hoc|ARM.Build.0 = Release|ARM
		{31581F0F-96C2-47F3-B02B-8CBACBE6E004}.Ad-Hoc|ARM.Deploy.0 = Release|ARM
		{31581F0F-96C2-47F3-B02B-8CBACBE6E004}.Ad-Hoc|iPhone.ActiveCfg = Release|x86
		{31581F0F-96C2-47F3-B02B-8CBACBE6E004}.Ad-Hoc|iPhone.Build.0 = Release|x86
		{31581F0F-96C2-47F3-B02B-8CBACBE6E004}.Ad-Hoc|iPhone.Deploy.0 = Release|x86
		{31581F0F-96C2-47F3-B02B-8CBACBE6E004}.Ad-Hoc|iPhoneSimulator.ActiveCfg = Release|x86
		{31581F0F-96C2-47F3-B02B-8CBACBE6E004}.Ad-Hoc|iPhoneSimulator.Build.0 = Release|x86
		{31581F0F-96C2-47F3-B02B-8CBACBE6E004}.Ad-Hoc|iPhoneSimulator.Deploy.0 = Release|x86
		{31581F0F-96C2-47F3-B02B-8CBACBE6E004}.Ad-Hoc|x64.ActiveCfg = Release|x64
		{31581F0F-96C2-47F3-B02B-8CBACBE6E004}.Ad-Hoc|x64.Build.0 = Release|x64
		{31581F0F-96C2-47F3-B02B-8CBACBE6E004}.Ad-Hoc|x64.Deploy.0 = Release|x64
		{31581F0F-96C2-47F3-B02B-8CBACBE6E004}.Ad-Hoc|x86.ActiveCfg = Release|x86
		{31581F0F-96C2-47F3-B02B-8CBACBE6E004}.Ad-Hoc|x86.Build.0 = Release|x86
		{31581F0F-96C2-47F3-B02B-8CBACBE6E004}.Ad-Hoc|x86.Deploy.0 = Release|x86
		{31581F0F-96C2-47F3-B02B-8CBACBE6E004}.AppStore|Any CPU.ActiveCfg = Release|x86
		{31581F0F-96C2-47F3-B02B-8CBACBE6E004}.AppStore|Any CPU.Build.0 = Release|x86
		{31581F0F-96C2-47F3-B02B-8CBACBE6E004}.AppStore|Any CPU.Deploy.0 = Release|x86
		{31581F0F-96C2-47F3-B02B-8CBACBE6E004}.AppStore|ARM.ActiveCfg = Release|ARM
		{31581F0F-96C2-47F3-B02B-8CBACBE6E004}.AppStore|ARM.Build.0 = Release|ARM
		{31581F0F-96C2-47F3-B02B-8CBACBE6E004}.AppStore|ARM.Deploy.0 = Release|ARM
		{31581F0F-96C2-47F3-B02B-8CBACBE6E004}.AppStore|iPhone.ActiveCfg = Release|x86
		{31581F0F-96C2-47F3-B02B-8CBACBE6E004}.AppStore|iPhone.Build.0 = Release|x86
		{31581F0F-96C2-47F3-B02B-8CBACBE6E004}.AppStore|iPhone.Deploy.0 = Release|x86
		{31581F0F-96C2-47F3-B02B-8CBACBE6E004}.AppStore|iPhoneSimulator.ActiveCfg = Release|x86
		{31581F0F-96C2-47F3-B02B-8CBACBE6E004}.AppStore|iPhoneSimulator.Build.0 = Release|x86
		{31581F0F-96C2-47F3-B02B-8CBACBE6E004}.AppStore|iPhoneSimulator.Deploy.0 = Release|x86
		{31581F0F-96C2-47F3-B02B-8CBACBE6E004}.AppStore|x64.ActiveCfg = Release|x64
		{31581F0F-96C2-47F3-B02B-8CBACBE6E004}.AppStore|x64.Build.0 = Release|x64
		{31581F0F-96C2-47F3-B02B-8CBACBE6E004}.AppStore|x64.Deploy.0 = Release|x64
		{31581F0F-96C2-47F3-B02B-8CBACBE6E004}.AppStore|x86.ActiveCfg = Release|x86
		{31581F0F-96C2-47F3-B02B-8CBACBE6E004}.AppStore|x86.Build.0 = Release|x86
		{31581F0F-96C2-47F3-B02B-8CBACBE6E004}.AppStore|x86.Deploy.0 = Release|x86
		{31581F0F-96C2-47F3-B02B-8CBACBE6E004}.Debug|Any CPU.ActiveCfg = Debug|x86
		{31581F0F-96C2-47F3-B02B-8CBACBE6E004}.Debug|ARM.ActiveCfg = Debug|ARM
		{31581F0F-96C2-47F3-B02B-8CBACBE6E004}.Debug|ARM.Build.0 = Debug|ARM
		{31581F0F-96C2-47F3-B02B-8CBACBE6E004}.Debug|ARM.Deploy.0 = Debug|ARM
		{31581F0F-96C2-47F3-B02B-8CBACBE6E004}.Debug|iPhone.ActiveCfg = Debug|x86
		{31581F0F-96C2-47F3-B02B-8CBACBE6E004}.Debug|iPhoneSimulator.ActiveCfg = Debug|x86
		{31581F0F-96C2-47F3-B02B-8CBACBE6E004}.Debug|x64.ActiveCfg = Debug|x64
		{31581F0F-96C2-47F3-B02B-8CBACBE6E004}.Debug|x64.Build.0 = Debug|x64
		{31581F0F-96C2-47F3-B02B-8CBACBE6E004}.Debug|x64.Deploy.0 = Debug|x64
		{31581F0F-96C2-47F3-B02B-8CBACBE6E004}.Debug|x86.ActiveCfg = Debug|x86
		{31581F0F-96C2-47F3-B02B-8CBACBE6E004}.Debug|x86.Build.0 = Debug|x86
		{31581F0F-96C2-47F3-B02B-8CBACBE6E004}.Debug|x86.Deploy.0 = Debug|x86
		{31581F0F-96C2-47F3-B02B-8CBACBE6E004}.Release|Any CPU.ActiveCfg = Release|x86
		{31581F0F-96C2-47F3-B02B-8CBACBE6E004}.Release|ARM.ActiveCfg = Release|ARM
		{31581F0F-96C2-47F3-B02B-8CBACBE6E004}.Release|ARM.Build.0 = Release|ARM
		{31581F0F-96C2-47F3-B02B-8CBACBE6E004}.Release|ARM.Deploy.0 = Release|ARM
		{31581F0F-96C2-47F3-B02B-8CBACBE6E004}.Release|iPhone.ActiveCfg = Release|x86
		{31581F0F-96C2-47F3-B02B-8CBACBE6E004}.Release|iPhoneSimulator.ActiveCfg = Release|x86
		{31581F0F-96C2-47F3-B02B-8CBACBE6E004}.Release|x64.ActiveCfg = Release|x64
		{31581F0F-96C2-47F3-B02B-8CBACBE6E004}.Release|x64.Build.0 = Release|x64
		{31581F0F-96C2-47F3-B02B-8CBACBE6E004}.Release|x64.Deploy.0 = Release|x64
		{31581F0F-96C2-47F3-B02B-8CBACBE6E004}.Release|x86.ActiveCfg = Release|x86
		{31581F0F-96C2-47F3-B02B-8CBACBE6E004}.Release|x86.Build.0 = Release|x86
		{31581F0F-96C2-47F3-B02B-8CBACBE6E004}.Release|x86.Deploy.0 = Release|x86
		{BC7331E4-5EDF-4C97-98A5-A22030133850}.Ad-Hoc|Any CPU.ActiveCfg = Ad-Hoc|iPhoneSimulator
		{BC7331E4-5EDF-4C97-98A5-A22030133850}.Ad-Hoc|ARM.ActiveCfg = Ad-Hoc|iPhone
		{BC7331E4-5EDF-4C97-98A5-A22030133850}.Ad-Hoc|iPhone.ActiveCfg = Ad-Hoc|iPhone
		{BC7331E4-5EDF-4C97-98A5-A22030133850}.Ad-Hoc|iPhone.Build.0 = Ad-Hoc|iPhone
		{BC7331E4-5EDF-4C97-98A5-A22030133850}.Ad-Hoc|iPhoneSimulator.ActiveCfg = Ad-Hoc|iPhoneSimulator
		{BC7331E4-5EDF-4C97-98A5-A22030133850}.Ad-Hoc|iPhoneSimulator.Build.0 = Ad-Hoc|iPhoneSimulator
		{BC7331E4-5EDF-4C97-98A5-A22030133850}.Ad-Hoc|x64.ActiveCfg = Ad-Hoc|iPhone
		{BC7331E4-5EDF-4C97-98A5-A22030133850}.Ad-Hoc|x86.ActiveCfg = Ad-Hoc|iPhone
		{BC7331E4-5EDF-4C97-98A5-A22030133850}.AppStore|Any CPU.ActiveCfg = AppStore|iPhoneSimulator
		{BC7331E4-5EDF-4C97-98A5-A22030133850}.AppStore|ARM.ActiveCfg = AppStore|iPhone
		{BC7331E4-5EDF-4C97-98A5-A22030133850}.AppStore|iPhone.ActiveCfg = AppStore|iPhone
		{BC7331E4-5EDF-4C97-98A5-A22030133850}.AppStore|iPhone.Build.0 = AppStore|iPhone
		{BC7331E4-5EDF-4C97-98A5-A22030133850}.AppStore|iPhoneSimulator.ActiveCfg = AppStore|iPhoneSimulator
		{BC7331E4-5EDF-4C97-98A5-A22030133850}.AppStore|iPhoneSimulator.Build.0 = AppStore|iPhoneSimulator
		{BC7331E4-5EDF-4C97-98A5-A22030133850}.AppStore|x64.ActiveCfg = AppStore|iPhone
		{BC7331E4-5EDF-4C97-98A5-A22030133850}.AppStore|x86.ActiveCfg = AppStore|iPhone
		{BC7331E4-5EDF-4C97-98A5-A22030133850}.Debug|Any CPU.ActiveCfg = Debug|iPhoneSimulator
		{BC7331E4-5EDF-4C97-98A5-A22030133850}.Debug|ARM.ActiveCfg = Debug|iPhone
		{BC7331E4-5EDF-4C97-98A5-A22030133850}.Debug|iPhone.ActiveCfg = Debug|iPhone
		{BC7331E4-5EDF-4C97-98A5-A22030133850}.Debug|iPhone.Build.0 = Debug|iPhone
		{BC7331E4-5EDF-4C97-98A5-A22030133850}.Debug|iPhoneSimulator.ActiveCfg = Debug|iPhoneSimulator
		{BC7331E4-5EDF-4C97-98A5-A22030133850}.Debug|iPhoneSimulator.Build.0 = Debug|iPhoneSimulator
		{BC7331E4-5EDF-4C97-98A5-A22030133850}.Debug|x64.ActiveCfg = Debug|iPhone
		{BC7331E4-5EDF-4C97-98A5-A22030133850}.Debug|x86.ActiveCfg = Debug|iPhone
		{BC7331E4-5EDF-4C97-98A5-A22030133850}.Release|Any CPU.ActiveCfg = Release|iPhoneSimulator
		{BC7331E4-5EDF-4C97-98A5-A22030133850}.Release|ARM.ActiveCfg = Release|iPhone
		{BC7331E4-5EDF-4C97-98A5-A22030133850}.Release|iPhone.ActiveCfg = Release|iPhone
		{BC7331E4-5EDF-4C97-98A5-A22030133850}.Release|iPhone.Build.0 = Release|iPhone
		{BC7331E4-5EDF-4C97-98A5-A22030133850}.Release|iPhoneSimulator.ActiveCfg = Release|iPhoneSimulator
		{BC7331E4-5EDF-4C97-98A5-A22030133850}.Release|iPhoneSimulator.Build.0 = Release|iPhoneSimulator
		{BC7331E4-5EDF-4C97-98A5-A22030133850}.Release|x64.ActiveCfg = Release|iPhone
		{BC7331E4-5EDF-4C97-98A5-A22030133850}.Release|x86.ActiveCfg = Release|iPhone
	EndGlobalSection
	GlobalSection(SolutionProperties) = preSolution
		HideSolutionNode = FALSE
	EndGlobalSection
	GlobalSection(ExtensibilityGlobals) = postSolution
		SolutionGuid = {7143D123-E8CB-4B65-873A-6355ED9E04F6}
	EndGlobalSection
EndGlobal
